// !$*UTF8*$!
{
	archiveVersion = 1;
	classes = {
	};
	objectVersion = 55;
	objects = {

/* Begin PBXBuildFile section */
		FC971D092993D07100BDF29D /* main.swift in Sources */ = {isa = PBXBuildFile; fileRef = FC971D082993D07100BDF29D /* main.swift */; };
		FC971D102993D08100BDF29D /* Animals.swift in Sources */ = {isa = PBXBuildFile; fileRef = FC971D0F2993D08100BDF29D /* Animals.swift */; };
		FC971D122993D0B500BDF29D /* Pet.swift in Sources */ = {isa = PBXBuildFile; fileRef = FC971D112993D0B500BDF29D /* Pet.swift */; };
		FC971D142993D0C500BDF29D /* Humster.swift in Sources */ = {isa = PBXBuildFile; fileRef = FC971D132993D0C500BDF29D /* Humster.swift */; };
		FC971D162993D0D600BDF29D /* Dog.swift in Sources */ = {isa = PBXBuildFile; fileRef = FC971D152993D0D600BDF29D /* Dog.swift */; };
		FC971D182993D0EE00BDF29D /* Lion.swift in Sources */ = {isa = PBXBuildFile; fileRef = FC971D172993D0EE00BDF29D /* Lion.swift */; };
		FC971D1A2993D10600BDF29D /* User.swift in Sources */ = {isa = PBXBuildFile; fileRef = FC971D192993D10600BDF29D /* User.swift */; };
		FC971D1C2993D11400BDF29D /* Student.swift in Sources */ = {isa = PBXBuildFile; fileRef = FC971D1B2993D11400BDF29D /* Student.swift */; };
/* End PBXBuildFile section */

/* Begin PBXCopyFilesBuildPhase section */
		FC971D032993D07100BDF29D /* CopyFiles */ = {
			isa = PBXCopyFilesBuildPhase;
			buildActionMask = 2147483647;
			dstPath = /usr/share/man/man1/;
			dstSubfolderSpec = 0;
			files = (
			);
			runOnlyForDeploymentPostprocessing = 1;
		};
/* End PBXCopyFilesBuildPhase section */

/* Begin PBXFileReference section */
		FC971D052993D07100BDF29D /* Hm2 */ = {isa = PBXFileReference; explicitFileType = "compiled.mach-o.executable"; includeInIndex = 0; path = Hm2; sourceTree = BUILT_PRODUCTS_DIR; };
		FC971D082993D07100BDF29D /* main.swift */ = {isa = PBXFileReference; lastKnownFileType = sourcecode.swift; path = main.swift; sourceTree = "<group>"; };
		FC971D0F2993D08100BDF29D /* Animals.swift */ = {isa = PBXFileReference; lastKnownFileType = sourcecode.swift; path = Animals.swift; sourceTree = "<group>"; };
		FC971D112993D0B500BDF29D /* Pet.swift */ = {isa = PBXFileReference; lastKnownFileType = sourcecode.swift; path = Pet.swift; sourceTree = "<group>"; };
		FC971D132993D0C500BDF29D /* Humster.swift */ = {isa = PBXFileReference; lastKnownFileType = sourcecode.swift; path = Humster.swift; sourceTree = "<group>"; };
		FC971D152993D0D600BDF29D /* Dog.swift */ = {isa = PBXFileReference; lastKnownFileType = sourcecode.swift; path = Dog.swift; sourceTree = "<group>"; };
		FC971D172993D0EE00BDF29D /* Lion.swift */ = {isa = PBXFileReference; lastKnownFileType = sourcecode.swift; path = Lion.swift; sourceTree = "<group>"; };
		FC971D192993D10600BDF29D /* User.swift */ = {isa = PBXFileReference; lastKnownFileType = sourcecode.swift; path = User.swift; sourceTree = "<group>"; };
		FC971D1B2993D11400BDF29D /* Student.swift */ = {isa = PBXFileReference; lastKnownFileType = sourcecode.swift; path = Student.swift; sourceTree = "<group>"; };
/* End PBXFileReference section */

/* Begin PBXFrameworksBuildPhase section */
		FC971D022993D07100BDF29D /* Frameworks */ = {
			isa = PBXFrameworksBuildPhase;
			buildActionMask = 2147483647;
			files = (
			);
			runOnlyForDeploymentPostprocessing = 0;
		};
/* End PBXFrameworksBuildPhase section */

/* Begin PBXGroup section */
		FC971CFC2993D07100BDF29D = {
			isa = PBXGroup;
			children = (
				FC971D072993D07100BDF29D /* Hm2 */,
				FC971D062993D07100BDF29D /* Products */,
			);
			sourceTree = "<group>";
		};
		FC971D062993D07100BDF29D /* Products */ = {
			isa = PBXGroup;
			children = (
				FC971D052993D07100BDF29D /* Hm2 */,
			);
			name = Products;
			sourceTree = "<group>";
		};
		FC971D072993D07100BDF29D /* Hm2 */ = {
			isa = PBXGroup;
			children = (
				FC971D082993D07100BDF29D /* main.swift */,
				FC971D192993D10600BDF29D /* User.swift */,
				FC971D172993D0EE00BDF29D /* Lion.swift */,
				FC971D0F2993D08100BDF29D /* Animals.swift */,
				FC971D112993D0B500BDF29D /* Pet.swift */,
				FC971D132993D0C500BDF29D /* Humster.swift */,
				FC971D152993D0D600BDF29D /* Dog.swift */,
				FC971D1B2993D11400BDF29D /* Student.swift */,
			);
			path = Hm2;
			sourceTree = "<group>";
		};
/* End PBXGroup section */

/* Begin PBXNativeTarget section */
		FC971D042993D07100BDF29D /* Hm2 */ = {
			isa = PBXNativeTarget;
			buildConfigurationList = FC971D0C2993D07100BDF29D /* Build configuration list for PBXNativeTarget "Hm2" */;
			buildPhases = (
				FC971D012993D07100BDF29D /* Sources */,
				FC971D022993D07100BDF29D /* Frameworks */,
				FC971D032993D07100BDF29D /* CopyFiles */,
			);
			buildRules = (
			);
			dependencies = (
			);
			name = Hm2;
			productName = Hm2;
			productReference = FC971D052993D07100BDF29D /* Hm2 */;
			productType = "com.apple.product-type.tool";
		};
/* End PBXNativeTarget section */

/* Begin PBXProject section */
		FC971CFD2993D07100BDF29D /* Project object */ = {
			isa = PBXProject;
			attributes = {
				BuildIndependentTargetsInParallel = 1;
				LastSwiftUpdateCheck = 1320;
				LastUpgradeCheck = 1320;
				TargetAttributes = {
					FC971D042993D07100BDF29D = {
						CreatedOnToolsVersion = 13.2.1;
					};
				};
			};
			buildConfigurationList = FC971D002993D07100BDF29D /* Build configuration list for PBXProject "Hm2" */;
			compatibilityVersion = "Xcode 13.0";
			developmentRegion = en;
			hasScannedForEncodings = 0;
			knownRegions = (
				en,
				Base,
			);
			mainGroup = FC971CFC2993D07100BDF29D;
			productRefGroup = FC971D062993D07100BDF29D /* Products */;
			projectDirPath = "";
			projectRoot = "";
			targets = (
				FC971D042993D07100BDF29D /* Hm2 */,
			);
		};
/* End PBXProject section */

/* Begin PBXSourcesBuildPhase section */
		FC971D012993D07100BDF29D /* Sources */ = {
			isa = PBXSourcesBuildPhase;
			buildActionMask = 2147483647;
			files = (
				FC971D142993D0C500BDF29D /* Humster.swift in Sources */,
				FC971D122993D0B500BDF29D /* Pet.swift in Sources */,
				FC971D092993D07100BDF29D /* main.swift in Sources */,
				FC971D182993D0EE00BDF29D /* Lion.swift in Sources */,
				FC971D162993D0D600BDF29D /* Dog.swift in Sources */,
				FC971D102993D08100BDF29D /* Animals.swift in Sources */,
				FC971D1A2993D10600BDF29D /* User.swift in Sources */,
				FC971D1C2993D11400BDF29D /* Student.swift in Sources */,
			);
			runOnlyForDeploymentPostprocessing = 0;
		};
/* End PBXSourcesBuildPhase section */

/* Begin XCBuildConfiguration section */
		FC971D0A2993D07100BDF29D /* Debug */ = {
			isa = XCBuildConfiguration;
			buildSettings = {
				ALWAYS_SEARCH_USER_PATHS = NO;
				CLANG_ANALYZER_NONNULL = YES;
				CLANG_ANALYZER_NUMBER_OBJECT_CONVERSION = YES_AGGRESSIVE;
				CLANG_CXX_LANGUAGE_STANDARD = "gnu++17";
				CLANG_CXX_LIBRARY = "libc++";
				CLANG_ENABLE_MODULES = YES;
				CLANG_ENABLE_OBJC_ARC = YES;
				CLANG_ENABLE_OBJC_WEAK = YES;
				CLANG_WARN_BLOCK_CAPTURE_AUTORELEASING = YES;
				CLANG_WARN_BOOL_CONVERSION = YES;
				CLANG_WARN_COMMA = YES;
				CLANG_WARN_CONSTANT_CONVERSION = YES;
				CLANG_WARN_DEPRECATED_OBJC_IMPLEMENTATIONS = YES;
				CLANG_WARN_DIRECT_OBJC_ISA_USAGE = YES_ERROR;
				CLANG_WARN_DOCUMENTATION_COMMENTS = YES;
				CLANG_WARN_EMPTY_BODY = YES;
				CLANG_WARN_ENUM_CONVERSION = YES;
				CLANG_WARN_INFINITE_RECURSION = YES;
				CLANG_WARN_INT_CONVERSION = YES;
				CLANG_WARN_NON_LITERAL_NULL_CONVERSION = YES;
				CLANG_WARN_OBJC_IMPLICIT_RETAIN_SELF = YES;
				CLANG_WARN_OBJC_LITERAL_CONVERSION = YES;
				CLANG_WARN_OBJC_ROOT_CLASS = YES_ERROR;
				CLANG_WARN_QUOTED_INCLUDE_IN_FRAMEWORK_HEADER = YES;
				CLANG_WARN_RANGE_LOOP_ANALYSIS = YES;
				CLANG_WARN_STRICT_PROTOTYPES = YES;
				CLANG_WARN_SUSPICIOUS_MOVE = YES;
				CLANG_WARN_UNGUARDED_AVAILABILITY = YES_AGGRESSIVE;
				CLANG_WARN_UNREACHABLE_CODE = YES;
				CLANG_WARN__DUPLICATE_METHOD_MATCH = YES;
				COPY_PHASE_STRIP = NO;
				DEBUG_INFORMATION_FORMAT = dwarf;
				ENABLE_STRICT_OBJC_MSGSEND = YES;
				ENABLE_TESTABILITY = YES;
				GCC_C_LANGUAGE_STANDARD = gnu11;
				GCC_DYNAMIC_NO_PIC = NO;
				GCC_NO_COMMON_BLOCKS = YES;
				GCC_OPTIMIZATION_LEVEL = 0;
				GCC_PREPROCESSOR_DEFINITIONS = (
					"DEBUG=1",
					"$(inherited)",
				);
				GCC_WARN_64_TO_32_BIT_CONVERSION = YES;
				GCC_WARN_ABOUT_RETURN_TYPE = YES_ERROR;
				GCC_WARN_UNDECLARED_SELECTOR = YES;
				GCC_WARN_UNINITIALIZED_AUTOS = YES_AGGRESSIVE;
				GCC_WARN_UNUSED_FUNCTION = YES;
				GCC_WARN_UNUSED_VARIABLE = YES;
				MACOSX_DEPLOYMENT_TARGET = 12.0;
				MTL_ENABLE_DEBUG_INFO = INCLUDE_SOURCE;
				MTL_FAST_MATH = YES;
				ONLY_ACTIVE_ARCH = YES;
				SDKROOT = macosx;
				SWIFT_ACTIVE_COMPILATION_CONDITIONS = DEBUG;
				SWIFT_OPTIMIZATION_LEVEL = "-Onone";
			};
			name = Debug;
		};
		FC971D0B2993D07100BDF29D /* Release */ = {
			isa = XCBuildConfiguration;
			buildSettings = {
				ALWAYS_SEARCH_USER_PATHS = NO;
				CLANG_ANALYZER_NONNULL = YES;
				CLANG_ANALYZER_NUMBER_OBJECT_CONVERSION = YES_AGGRESSIVE;
				CLANG_CXX_LANGUAGE_STANDARD = "gnu++17";
				CLANG_CXX_LIBRARY = "libc++";
				CLANG_ENABLE_MODULES = YES;
				CLANG_ENABLE_OBJC_ARC = YES;
				CLANG_ENABLE_OBJC_WEAK = YES;
				CLANG_WARN_BLOCK_CAPTURE_AUTORELEASING = YES;
				CLANG_WARN_BOOL_CONVERSION = YES;
				CLANG_WARN_COMMA = YES;
				CLANG_WARN_CONSTANT_CONVERSION = YES;
				CLANG_WARN_DEPRECATED_OBJC_IMPLEMENTATIONS = YES;
				CLANG_WARN_DIRECT_OBJC_ISA_USAGE = YES_ERROR;
				CLANG_WARN_DOCUMENTATION_COMMENTS = YES;
				CLANG_WARN_EMPTY_BODY = YES;
				CLANG_WARN_ENUM_CONVERSION = YES;
				CLANG_WARN_INFINITE_RECURSION = YES;
				CLANG_WARN_INT_CONVERSION = YES;
				CLANG_WARN_NON_LITERAL_NULL_CONVERSION = YES;
				CLANG_WARN_OBJC_IMPLICIT_RETAIN_SELF = YES;
				CLANG_WARN_OBJC_LITERAL_CONVERSION = YES;
				CLANG_WARN_OBJC_ROOT_CLASS = YES_ERROR;
				CLANG_WARN_QUOTED_INCLUDE_IN_FRAMEWORK_HEADER = YES;
				CLANG_WARN_RANGE_LOOP_ANALYSIS = YES;
				CLANG_WARN_STRICT_PROTOTYPES = YES;
				CLANG_WARN_SUSPICIOUS_MOVE = YES;
				CLANG_WARN_UNGUARDED_AVAILABILITY = YES_AGGRESSIVE;
				CLANG_WARN_UNREACHABLE_CODE = YES;
				CLANG_WARN__DUPLICATE_METHOD_MATCH = YES;
				COPY_PHASE_STRIP = NO;
				DEBUG_INFORMATION_FORMAT = "dwarf-with-dsym";
				ENABLE_NS_ASSERTIONS = NO;
				ENABLE_STRICT_OBJC_MSGSEND = YES;
				GCC_C_LANGUAGE_STANDARD = gnu11;
				GCC_NO_COMMON_BLOCKS = YES;
				GCC_WARN_64_TO_32_BIT_CONVERSION = YES;
				GCC_WARN_ABOUT_RETURN_TYPE = YES_ERROR;
				GCC_WARN_UNDECLARED_SELECTOR = YES;
				GCC_WARN_UNINITIALIZED_AUTOS = YES_AGGRESSIVE;
				GCC_WARN_UNUSED_FUNCTION = YES;
				GCC_WARN_UNUSED_VARIABLE = YES;
				MACOSX_DEPLOYMENT_TARGET = 12.0;
				MTL_ENABLE_DEBUG_INFO = NO;
				MTL_FAST_MATH = YES;
				SDKROOT = macosx;
				SWIFT_COMPILATION_MODE = wholemodule;
				SWIFT_OPTIMIZATION_LEVEL = "-O";
			};
			name = Release;
		};
		FC971D0D2993D07100BDF29D /* Debug */ = {
			isa = XCBuildConfiguration;
			buildSettings = {
				CODE_SIGN_STYLE = Automatic;
				PRODUCT_NAME = "$(TARGET_NAME)";
				SWIFT_VERSION = 5.0;
			};
			name = Debug;
		};
		FC971D0E2993D07100BDF29D /* Release */ = {
			isa = XCBuildConfiguration;
			buildSettings = {
				CODE_SIGN_STYLE = Automatic;
				PRODUCT_NAME = "$(TARGET_NAME)";
				SWIFT_VERSION = 5.0;
			};
			name = Release;
		};
/* End XCBuildConfiguration section */

/* Begin XCConfigurationList section */
		FC971D002993D07100BDF29D /* Build configuration list for PBXProject "Hm2" */ = {
			isa = XCConfigurationList;
			buildConfigurations = (
				FC971D0A2993D07100BDF29D /* Debug */,
				FC971D0B2993D07100BDF29D /* Release */,
			);
			defaultConfigurationIsVisible = 0;
			defaultConfigurationName = Release;
		};
		FC971D0C2993D07100BDF29D /* Build configuration list for PBXNativeTarget "Hm2" */ = {
			isa = XCConfigurationList;
			buildConfigurations = (
				FC971D0D2993D07100BDF29D /* Debug */,
				FC971D0E2993D07100BDF29D /* Release */,
			);
			defaultConfigurationIsVisible = 0;
			defaultConfigurationName = Release;
		};
/* End XCConfigurationList section */
	};
	rootObject = FC971CFD2993D07100BDF29D /* Project object */;
}
